<?xml version="1.0" encoding="utf-8"?>
<Project ToolsVersion="4.0" xmlns="http://schemas.microsoft.com/developer/msbuild/2003">
  <ItemGroup>
    <Filter Include="Source Files">
      <UniqueIdentifier>{59bcea04-24dd-4295-aad5-9fec21f5310b}</UniqueIdentifier>
    </Filter>
    <Filter Include="Generated Files">
      <UniqueIdentifier>{7173e6d7-903e-4c01-bed5-ae96fe9b7829}</UniqueIdentifier>
      <SourceControlFiles>False</SourceControlFiles>
    </Filter>
  </ItemGroup>
  <ItemGroup>
    <None Include="HelloWorldps.def" />
  </ItemGroup>
  <ItemGroup>
    <ClCompile Include="HelloWorld_i.c">
      <Filter>Generated Files</Filter>
    </ClCompile>
    <ClCompile Include="HelloWorld_p.c">
      <Filter>Generated Files</Filter>
    </ClCompile>
    <ClCompile Include="dlldata.c">
      <Filter>Generated Files</Filter>
    </ClCompile>
  </ItemGroup>
</Project>