Microsoft Visual Studio Solution File, Format Version 12.00
# Visual Studio 2013
VisualStudioVersion = 12.0.40629.0
MinimumVisualStudioVersion = 10.0.40219.1
Project("{FAE04EC0-301F-11D3-BF4B-00C04F79EFBC}") = "WebClient", "WebClient.csproj", "{E08A68AD-0C29-4859-BB7E-FCD6A6C678BA}"
EndProject
Project("{FAE04EC0-301F-11D3-BF4B-00C04F79EFBC}") = "WebService1", "..\WebService1\WebService1.csproj", "{879EF24E-AA56-402F-9186-DB48D62F6634}"
EndProject
Global
	GlobalSection(SolutionConfigurationPlatforms) = preSolution
		Debug|Any CPU = Debug|Any CPU
		Release|Any CPU = Release|Any CPU
	EndGlobalSection
	GlobalSection(ProjectConfigurationPlatforms) = postSolution
		{E08A68AD-0C29-4859-BB7E-FCD6A6C678BA}.Debug|Any CPU.ActiveCfg = Debug|Any CPU
		{E08A68AD-0C29-4859-BB7E-FCD6A6C678BA}.Debug|Any CPU.Build.0 = Debug|Any CPU
		{E08A68AD-0C29-4859-BB7E-FCD6A6C678BA}.Release|Any CPU.ActiveCfg = Release|Any CPU
		{E08A68AD-0C29-4859-BB7E-FCD6A6C678BA}.Release|Any CPU.Build.0 = Release|Any CPU
		{879EF24E-AA56-402F-9186-DB48D62F6634}.Debug|Any CPU.ActiveCfg = Debug|Any CPU
		{879EF24E-AA56-402F-9186-DB48D62F6634}.Debug|Any CPU.Build.0 = Debug|Any CPU
		{879EF24E-AA56-402F-9186-DB48D62F6634}.Release|Any CPU.ActiveCfg = Release|Any CPU
		{879EF24E-AA56-402F-9186-DB48D62F6634}.Release|Any CPU.Build.0 = Release|Any CPU
	EndGlobalSection
	GlobalSection(SolutionProperties) = preSolution
		HideSolutionNode = FALSE
	EndGlobalSection
EndGlobal
