
Microsoft Visual Studio Solution File, Format Version 12.00
# Visual Studio 2013
VisualStudioVersion = 12.0.40629.0
MinimumVisualStudioVersion = 10.0.40219.1
Project("{FAE04EC0-301F-11D3-BF4B-00C04F79EFBC}") = "WebService1", "WebService1\WebService1.csproj", "{5663C874-13B3-472E-9EDF-BF8FBB40BB40}"
EndProject
Project("{FAE04EC0-301F-11D3-BF4B-00C04F79EFBC}") = "WebApplication1", "WebApplication1\WebApplication1.csproj", "{1DD1ACAF-0E9B-413E-AB13-9DE836B4D6DA}"
EndProject
Project("{FAE04EC0-301F-11D3-BF4B-00C04F79EFBC}") = "WebClient", "..\WebClient\WebClient.csproj", "{E08A68AD-0C29-4859-BB7E-FCD6A6C678BA}"
EndProject
Project("{FAE04EC0-301F-11D3-BF4B-00C04F79EFBC}") = "SystemFramework", "SystemFramework\SystemFramework.csproj", "{3667D604-CE5F-4DEA-9B41-9D7EA1EF2860}"
EndProject
Project("{FAE04EC0-301F-11D3-BF4B-00C04F79EFBC}") = "EPRLib", "EPRLib\EPRLib.csproj", "{0AC504F3-8E07-4E6E-8BC7-768C4A51D5ED}"
EndProject
Project("{FAE04EC0-301F-11D3-BF4B-00C04F79EFBC}") = "PreviewManage", "PreviewManage\PreviewManage.csproj", "{9BDABB4C-A5C8-424F-A86F-70106FCEAC4F}"
EndProject
Global
	GlobalSection(SolutionConfigurationPlatforms) = preSolution
		Debug|Any CPU = Debug|Any CPU
		Release|Any CPU = Release|Any CPU
	EndGlobalSection
	GlobalSection(ProjectConfigurationPlatforms) = postSolution
		{5663C874-13B3-472E-9EDF-BF8FBB40BB40}.Debug|Any CPU.ActiveCfg = Debug|Any CPU
		{5663C874-13B3-472E-9EDF-BF8FBB40BB40}.Debug|Any CPU.Build.0 = Debug|Any CPU
		{5663C874-13B3-472E-9EDF-BF8FBB40BB40}.Release|Any CPU.ActiveCfg = Release|Any CPU
		{5663C874-13B3-472E-9EDF-BF8FBB40BB40}.Release|Any CPU.Build.0 = Release|Any CPU
		{1DD1ACAF-0E9B-413E-AB13-9DE836B4D6DA}.Debug|Any CPU.ActiveCfg = Debug|Any CPU
		{1DD1ACAF-0E9B-413E-AB13-9DE836B4D6DA}.Debug|Any CPU.Build.0 = Debug|Any CPU
		{1DD1ACAF-0E9B-413E-AB13-9DE836B4D6DA}.Release|Any CPU.ActiveCfg = Release|Any CPU
		{1DD1ACAF-0E9B-413E-AB13-9DE836B4D6DA}.Release|Any CPU.Build.0 = Release|Any CPU
		{E08A68AD-0C29-4859-BB7E-FCD6A6C678BA}.Debug|Any CPU.ActiveCfg = Debug|Any CPU
		{E08A68AD-0C29-4859-BB7E-FCD6A6C678BA}.Debug|Any CPU.Build.0 = Debug|Any CPU
		{E08A68AD-0C29-4859-BB7E-FCD6A6C678BA}.Release|Any CPU.ActiveCfg = Release|Any CPU
		{E08A68AD-0C29-4859-BB7E-FCD6A6C678BA}.Release|Any CPU.Build.0 = Release|Any CPU
		{3667D604-CE5F-4DEA-9B41-9D7EA1EF2860}.Debug|Any CPU.ActiveCfg = Debug|Any CPU
		{3667D604-CE5F-4DEA-9B41-9D7EA1EF2860}.Debug|Any CPU.Build.0 = Debug|Any CPU
		{3667D604-CE5F-4DEA-9B41-9D7EA1EF2860}.Release|Any CPU.ActiveCfg = Release|Any CPU
		{3667D604-CE5F-4DEA-9B41-9D7EA1EF2860}.Release|Any CPU.Build.0 = Release|Any CPU
		{0AC504F3-8E07-4E6E-8BC7-768C4A51D5ED}.Debug|Any CPU.ActiveCfg = Debug|Any CPU
		{0AC504F3-8E07-4E6E-8BC7-768C4A51D5ED}.Debug|Any CPU.Build.0 = Debug|Any CPU
		{0AC504F3-8E07-4E6E-8BC7-768C4A51D5ED}.Release|Any CPU.ActiveCfg = Release|Any CPU
		{0AC504F3-8E07-4E6E-8BC7-768C4A51D5ED}.Release|Any CPU.Build.0 = Release|Any CPU
		{9BDABB4C-A5C8-424F-A86F-70106FCEAC4F}.Debug|Any CPU.ActiveCfg = Debug|Any CPU
		{9BDABB4C-A5C8-424F-A86F-70106FCEAC4F}.Debug|Any CPU.Build.0 = Debug|Any CPU
		{9BDABB4C-A5C8-424F-A86F-70106FCEAC4F}.Release|Any CPU.ActiveCfg = Release|Any CPU
		{9BDABB4C-A5C8-424F-A86F-70106FCEAC4F}.Release|Any CPU.Build.0 = Release|Any CPU
	EndGlobalSection
	GlobalSection(SolutionProperties) = preSolution
		HideSolutionNode = FALSE
	EndGlobalSection
EndGlobal
